
Microsoft Visual Studio Solution File, Format Version 12.00
# Visual Studio 15
VisualStudioVersion = 15.0.28307.539
MinimumVisualStudioVersion = 10.0.40219.1
Project("{FAE04EC0-301F-11D3-BF4B-00C04F79EFBC}") = "InterfaceComparativa", "InterfaceComparativa\InterfaceComparativa.csproj", "{447861EF-730D-4A4E-8F6D-6CAF7090759B}"
EndProject
Global
	GlobalSection(SolutionConfigurationPlatforms) = preSolution
		Debug|Any CPU = Debug|Any CPU
		Release|Any CPU = Release|Any CPU
	EndGlobalSection
	GlobalSection(ProjectConfigurationPlatforms) = postSolution
		{447861EF-730D-4A4E-8F6D-6CAF7090759B}.Debug|Any CPU.ActiveCfg = Debug|Any CPU
		{447861EF-730D-4A4E-8F6D-6CAF7090759B}.Debug|Any CPU.Build.0 = Debug|Any CPU
		{447861EF-730D-4A4E-8F6D-6CAF7090759B}.Release|Any CPU.ActiveCfg = Release|Any CPU
		{447861EF-730D-4A4E-8F6D-6CAF7090759B}.Release|Any CPU.Build.0 = Release|Any CPU
	EndGlobalSection
	GlobalSection(SolutionProperties) = preSolution
		HideSolutionNode = FALSE
	EndGlobalSection
	GlobalSection(ExtensibilityGlobals) = postSolution
		SolutionGuid = {7245B91A-FA6F-432D-9BE5-7F1039CA647D}
	EndGlobalSection
EndGlobal
